
Microsoft Visual Studio Solution File, Format Version 12.00
# Visual Studio Version 17
VisualStudioVersion = 17.3.32901.215
MinimumVisualStudioVersion = 10.0.40219.1
Project("{FAE04EC0-301F-11D3-BF4B-00C04F79EFBC}") = "ConsoleApp2", "ConsoleApp2\ConsoleApp2.csproj", "{C71DE3CA-AAFE-4563-AF0F-18A7F40C3D11}"
EndProject
Global
	GlobalSection(SolutionConfigurationPlatforms) = preSolution
		Debug|Any CPU = Debug|Any CPU
		Release|Any CPU = Release|Any CPU
	EndGlobalSection
	GlobalSection(ProjectConfigurationPlatforms) = postSolution
		{C71DE3CA-AAFE-4563-AF0F-18A7F40C3D11}.Debug|Any CPU.ActiveCfg = Debug|Any CPU
		{C71DE3CA-AAFE-4563-AF0F-18A7F40C3D11}.Debug|Any CPU.Build.0 = Debug|Any CPU
		{C71DE3CA-AAFE-4563-AF0F-18A7F40C3D11}.Release|Any CPU.ActiveCfg = Release|Any CPU
		{C71DE3CA-AAFE-4563-AF0F-18A7F40C3D11}.Release|Any CPU.Build.0 = Release|Any CPU
	EndGlobalSection
	GlobalSection(SolutionProperties) = preSolution
		HideSolutionNode = FALSE
	EndGlobalSection
	GlobalSection(ExtensibilityGlobals) = postSolution
		SolutionGuid = {1017CDC5-40CC-442B-9B41-F53A89AC8EC5}
	EndGlobalSection
EndGlobal
