
Microsoft Visual Studio Solution File, Format Version 12.00
# Visual Studio Version 17
VisualStudioVersion = 17.3.32901.215
MinimumVisualStudioVersion = 10.0.40219.1
Project("{FAE04EC0-301F-11D3-BF4B-00C04F79EFBC}") = "Squares of a Sorted Array", "Squares of a Sorted Array\Squares of a Sorted Array.csproj", "{C96A2F3C-1A5A-49EE-93FE-DBF98BFBF01E}"
EndProject
Global
	GlobalSection(SolutionConfigurationPlatforms) = preSolution
		Debug|Any CPU = Debug|Any CPU
		Release|Any CPU = Release|Any CPU
	EndGlobalSection
	GlobalSection(ProjectConfigurationPlatforms) = postSolution
		{C96A2F3C-1A5A-49EE-93FE-DBF98BFBF01E}.Debug|Any CPU.ActiveCfg = Debug|Any CPU
		{C96A2F3C-1A5A-49EE-93FE-DBF98BFBF01E}.Debug|Any CPU.Build.0 = Debug|Any CPU
		{C96A2F3C-1A5A-49EE-93FE-DBF98BFBF01E}.Release|Any CPU.ActiveCfg = Release|Any CPU
		{C96A2F3C-1A5A-49EE-93FE-DBF98BFBF01E}.Release|Any CPU.Build.0 = Release|Any CPU
	EndGlobalSection
	GlobalSection(SolutionProperties) = preSolution
		HideSolutionNode = FALSE
	EndGlobalSection
	GlobalSection(ExtensibilityGlobals) = postSolution
		SolutionGuid = {51754A10-1276-4411-A64A-9CE98DCE320E}
	EndGlobalSection
EndGlobal
